
Microsoft Visual Studio Solution File, Format Version 12.00
# Visual Studio 15
VisualStudioVersion = 15.0.26430.14
MinimumVisualStudioVersion = 10.0.40219.1
Project("{9A19103F-16F7-4668-BE54-9A1E7A4F7556}") = "AutoCompletor", "Completor\AutoCompletor.csproj", "{DEFCA93E-9ED3-4525-9B3C-3AC2F28566D6}"
EndProject
Project("{9A19103F-16F7-4668-BE54-9A1E7A4F7556}") = "AutoCompleteClient", "WebApplication1\AutoCompleteClient.csproj", "{F669ECD9-6D5C-485A-AA4B-2C6C88625C41}"
EndProject
Project("{9A19103F-16F7-4668-BE54-9A1E7A4F7556}") = "AutoCompleteServise", "ServerApp\AutoCompleteServise.csproj", "{A8F88DAC-2E56-49F6-A5A3-A7D23B326BBD}"
EndProject
Global
	GlobalSection(SolutionConfigurationPlatforms) = preSolution
		Debug|Any CPU = Debug|Any CPU
		Release|Any CPU = Release|Any CPU
	EndGlobalSection
	GlobalSection(ProjectConfigurationPlatforms) = postSolution
		{DEFCA93E-9ED3-4525-9B3C-3AC2F28566D6}.Debug|Any CPU.ActiveCfg = Debug|Any CPU
		{DEFCA93E-9ED3-4525-9B3C-3AC2F28566D6}.Debug|Any CPU.Build.0 = Debug|Any CPU
		{DEFCA93E-9ED3-4525-9B3C-3AC2F28566D6}.Release|Any CPU.ActiveCfg = Release|Any CPU
		{DEFCA93E-9ED3-4525-9B3C-3AC2F28566D6}.Release|Any CPU.Build.0 = Release|Any CPU
		{F669ECD9-6D5C-485A-AA4B-2C6C88625C41}.Debug|Any CPU.ActiveCfg = Debug|Any CPU
		{F669ECD9-6D5C-485A-AA4B-2C6C88625C41}.Debug|Any CPU.Build.0 = Debug|Any CPU
		{F669ECD9-6D5C-485A-AA4B-2C6C88625C41}.Release|Any CPU.ActiveCfg = Release|Any CPU
		{F669ECD9-6D5C-485A-AA4B-2C6C88625C41}.Release|Any CPU.Build.0 = Release|Any CPU
		{A8F88DAC-2E56-49F6-A5A3-A7D23B326BBD}.Debug|Any CPU.ActiveCfg = Debug|Any CPU
		{A8F88DAC-2E56-49F6-A5A3-A7D23B326BBD}.Debug|Any CPU.Build.0 = Debug|Any CPU
		{A8F88DAC-2E56-49F6-A5A3-A7D23B326BBD}.Release|Any CPU.ActiveCfg = Release|Any CPU
		{A8F88DAC-2E56-49F6-A5A3-A7D23B326BBD}.Release|Any CPU.Build.0 = Release|Any CPU
	EndGlobalSection
	GlobalSection(SolutionProperties) = preSolution
		HideSolutionNode = FALSE
	EndGlobalSection
EndGlobal
